
Microsoft Visual Studio Solution File, Format Version 11.00
# Visual Studio 2010
Project("{F184B08F-C81C-45F6-A57F-5ABD9991F28F}") = "RiskSystem", "SafetySystem\RiskSystem.vbproj", "{F0892BA2-AE94-49DB-9511-6451AC66D169}"
EndProject
Project("{F184B08F-C81C-45F6-A57F-5ABD9991F28F}") = "DisPuff", "Safety\DisPuff.vbproj", "{AD496B5F-0455-46CC-AE7E-8A72FC6293EC}"
EndProject
Project("{F184B08F-C81C-45F6-A57F-5ABD9991F28F}") = "FireBlast", "FireBlast\FireBlast.vbproj", "{4A09A702-6749-4DD8-A884-12479C7D059F}"
EndProject
Project("{F184B08F-C81C-45F6-A57F-5ABD9991F28F}") = "DisForm", "DisForm\DisForm.vbproj", "{9FEFD96A-347C-4E10-84F4-620A54315E5B}"
EndProject
Project("{F184B08F-C81C-45F6-A57F-5ABD9991F28F}") = "FireBlastForm", "FireBlastForm\FireBlastForm.vbproj", "{61647EFC-A24B-4BE2-9330-535FE2668B07}"
EndProject
Project("{F184B08F-C81C-45F6-A57F-5ABD9991F28F}") = "DataLib", "DataLib\DataLib.vbproj", "{F0AF364E-7288-4DB0-80D4-125DE4CB3612}"
EndProject
Global
	GlobalSection(SubversionScc) = preSolution
		Svn-Managed = True
		Manager = AnkhSVN - Subversion Support for Visual Studio
	EndGlobalSection
	GlobalSection(SolutionConfigurationPlatforms) = preSolution
		Debug|Any CPU = Debug|Any CPU
		Release|Any CPU = Release|Any CPU
	EndGlobalSection
	GlobalSection(ProjectConfigurationPlatforms) = postSolution
		{F0892BA2-AE94-49DB-9511-6451AC66D169}.Debug|Any CPU.ActiveCfg = Debug|Any CPU
		{F0892BA2-AE94-49DB-9511-6451AC66D169}.Debug|Any CPU.Build.0 = Debug|Any CPU
		{F0892BA2-AE94-49DB-9511-6451AC66D169}.Release|Any CPU.ActiveCfg = Release|Any CPU
		{F0892BA2-AE94-49DB-9511-6451AC66D169}.Release|Any CPU.Build.0 = Release|Any CPU
		{AD496B5F-0455-46CC-AE7E-8A72FC6293EC}.Debug|Any CPU.ActiveCfg = Debug|Any CPU
		{AD496B5F-0455-46CC-AE7E-8A72FC6293EC}.Debug|Any CPU.Build.0 = Debug|Any CPU
		{AD496B5F-0455-46CC-AE7E-8A72FC6293EC}.Release|Any CPU.ActiveCfg = Release|Any CPU
		{AD496B5F-0455-46CC-AE7E-8A72FC6293EC}.Release|Any CPU.Build.0 = Release|Any CPU
		{4A09A702-6749-4DD8-A884-12479C7D059F}.Debug|Any CPU.ActiveCfg = Debug|Any CPU
		{4A09A702-6749-4DD8-A884-12479C7D059F}.Debug|Any CPU.Build.0 = Debug|Any CPU
		{4A09A702-6749-4DD8-A884-12479C7D059F}.Release|Any CPU.ActiveCfg = Release|Any CPU
		{4A09A702-6749-4DD8-A884-12479C7D059F}.Release|Any CPU.Build.0 = Release|Any CPU
		{9FEFD96A-347C-4E10-84F4-620A54315E5B}.Debug|Any CPU.ActiveCfg = Debug|Any CPU
		{9FEFD96A-347C-4E10-84F4-620A54315E5B}.Debug|Any CPU.Build.0 = Debug|Any CPU
		{9FEFD96A-347C-4E10-84F4-620A54315E5B}.Release|Any CPU.ActiveCfg = Release|Any CPU
		{9FEFD96A-347C-4E10-84F4-620A54315E5B}.Release|Any CPU.Build.0 = Release|Any CPU
		{61647EFC-A24B-4BE2-9330-535FE2668B07}.Debug|Any CPU.ActiveCfg = Debug|Any CPU
		{61647EFC-A24B-4BE2-9330-535FE2668B07}.Debug|Any CPU.Build.0 = Debug|Any CPU
		{61647EFC-A24B-4BE2-9330-535FE2668B07}.Release|Any CPU.ActiveCfg = Release|Any CPU
		{61647EFC-A24B-4BE2-9330-535FE2668B07}.Release|Any CPU.Build.0 = Release|Any CPU
		{F0AF364E-7288-4DB0-80D4-125DE4CB3612}.Debug|Any CPU.ActiveCfg = Debug|Any CPU
		{F0AF364E-7288-4DB0-80D4-125DE4CB3612}.Debug|Any CPU.Build.0 = Debug|Any CPU
		{F0AF364E-7288-4DB0-80D4-125DE4CB3612}.Release|Any CPU.ActiveCfg = Release|Any CPU
		{F0AF364E-7288-4DB0-80D4-125DE4CB3612}.Release|Any CPU.Build.0 = Release|Any CPU
	EndGlobalSection
	GlobalSection(SolutionProperties) = preSolution
		HideSolutionNode = FALSE
	EndGlobalSection
EndGlobal
